
Microsoft Visual Studio Solution File, Format Version 12.00
# Visual Studio Version 17
VisualStudioVersion = 17.3.32825.248
MinimumVisualStudioVersion = 10.0.40219.1
Project("{FAE04EC0-301F-11D3-BF4B-00C04F79EFBC}") = "ejer2.11", "ejer2.11\ejer2.11.csproj", "{BD513F4D-B297-4295-AB5E-786AB6C71373}"
EndProject
Global
	GlobalSection(SolutionConfigurationPlatforms) = preSolution
		Debug|Any CPU = Debug|Any CPU
		Release|Any CPU = Release|Any CPU
	EndGlobalSection
	GlobalSection(ProjectConfigurationPlatforms) = postSolution
		{BD513F4D-B297-4295-AB5E-786AB6C71373}.Debug|Any CPU.ActiveCfg = Debug|Any CPU
		{BD513F4D-B297-4295-AB5E-786AB6C71373}.Debug|Any CPU.Build.0 = Debug|Any CPU
		{BD513F4D-B297-4295-AB5E-786AB6C71373}.Release|Any CPU.ActiveCfg = Release|Any CPU
		{BD513F4D-B297-4295-AB5E-786AB6C71373}.Release|Any CPU.Build.0 = Release|Any CPU
	EndGlobalSection
	GlobalSection(SolutionProperties) = preSolution
		HideSolutionNode = FALSE
	EndGlobalSection
	GlobalSection(ExtensibilityGlobals) = postSolution
		SolutionGuid = {E7C16C5B-E648-44AB-91FB-879FC137CE1C}
	EndGlobalSection
EndGlobal
